# This file is automatically @generated by Cargo.
# It is not intended for manual editing.
[[package]]
name = "compiler_builtins"
version = "0.1.25"
source = "registry+https://github.com/rust-lang/crates.io-index"
checksum = "438ac08ddc5efe81452f984a9e33ba425b00b31d1f48e6acd9e2210aa28cc52e"
dependencies = [
 "rustc-std-workspace-core",
]

[[package]]
name = "hermit-abi"
version = "0.1.7"
dependencies = [
 "compiler_builtins",
 "libc",
 "rustc-std-workspace-core",
]

[[package]]
name = "libc"
version = "0.2.66"
source = "registry+https://github.com/rust-lang/crates.io-index"
checksum = "d515b1f41455adea1313a4a2ac8a8a477634fbae63cc6100e3aebb207ce61558"
dependencies = [
 "rustc-std-workspace-core",
]

[[package]]
name = "rustc-std-workspace-core"
version = "1.0.0"
source = "registry+https://github.com/rust-lang/crates.io-index"
checksum = "1956f5517128a2b6f23ab2dadf1a976f4f5b27962e7724c2bf3d45e539ec098c"